// !$*UTF8*$!
{
	archiveVersion = 1;
	classes = {
	};
	objectVersion = 50;
	objects = {

/* Begin PBXBuildFile section */
		255FCE00210BE0C500AF7350 /* plus.png in Resources */ = {isa = PBXBuildFile; fileRef = 255FCDFF210BE0C500AF7350 /* plus.png */; };
		2594FC9D210BC8900090BB1F /* AppDelegate.swift in Sources */ = {isa = PBXBuildFile; fileRef = 2594FC9C210BC8900090BB1F /* AppDelegate.swift */; };
		2594FC9F210BC8900090BB1F /* ViewController.swift in Sources */ = {isa = PBXBuildFile; fileRef = 2594FC9E210BC8900090BB1F /* ViewController.swift */; };
		2594FCA2210BC8900090BB1F /* Main.storyboard in Resources */ = {isa = PBXBuildFile; fileRef = 2594FCA0210BC8900090BB1F /* Main.storyboard */; };
		2594FCA5210BC8900090BB1F /* PCK_Sggtion.xcdatamodeld in Sources */ = {isa = PBXBuildFile; fileRef = 2594FCA3210BC8900090BB1F /* PCK_Sggtion.xcdatamodeld */; };
		2594FCA7210BC8910090BB1F /* Assets.xcassets in Resources */ = {isa = PBXBuildFile; fileRef = 2594FCA6210BC8910090BB1F /* Assets.xcassets */; };
		2594FCAA210BC8910090BB1F /* LaunchScreen.storyboard in Resources */ = {isa = PBXBuildFile; fileRef = 2594FCA8210BC8910090BB1F /* LaunchScreen.storyboard */; };
		2594FCB2210BCA0D0090BB1F /* SecondViewViewController.swift in Sources */ = {isa = PBXBuildFile; fileRef = 2594FCB1210BCA0D0090BB1F /* SecondViewViewController.swift */; };
		25B5605D21166FE3008A6F23 /* CoreDataHelper.swift in Sources */ = {isa = PBXBuildFile; fileRef = 25B5605C21166FE3008A6F23 /* CoreDataHelper.swift */; };
		25B5605F21166FFF008A6F23 /* gender.swift in Sources */ = {isa = PBXBuildFile; fileRef = 25B5605E21166FFF008A6F23 /* gender.swift */; };
		25B5606221167086008A6F23 /* ClothingModelLogic.swift in Sources */ = {isa = PBXBuildFile; fileRef = 25B5606121167086008A6F23 /* ClothingModelLogic.swift */; };
		25B5606821167159008A6F23 /* ClothesTableViewCell.swift in Sources */ = {isa = PBXBuildFile; fileRef = 25B5606721167159008A6F23 /* ClothesTableViewCell.swift */; };
		25EA617721138BFE000D9108 /* WeatherViewTableViewController.swift in Sources */ = {isa = PBXBuildFile; fileRef = 25EA617621138BFE000D9108 /* WeatherViewTableViewController.swift */; };
		25EA617B2113B891000D9108 /* Weather.swift in Sources */ = {isa = PBXBuildFile; fileRef = 25EA617A2113B891000D9108 /* Weather.swift */; };
		25F042A22116487900A8C4A5 /* ThirdViewController.swift in Sources */ = {isa = PBXBuildFile; fileRef = 25F042A12116487900A8C4A5 /* ThirdViewController.swift */; };
		25FEF7AC210D374A00050699 /* CalendarViewController.swift in Sources */ = {isa = PBXBuildFile; fileRef = 25FEF7AB210D374A00050699 /* CalendarViewController.swift */; };
		25FEF7B0210D56AC00050699 /* DataCell.swift in Sources */ = {isa = PBXBuildFile; fileRef = 25FEF7AF210D56AC00050699 /* DataCell.swift */; };
		25FEF7B2210D571800050699 /* DateCell.xib in Resources */ = {isa = PBXBuildFile; fileRef = 25FEF7B1210D571800050699 /* DateCell.xib */; };
		543375EB515612770C9FC369 /* Pods_PCK_Sggtion.framework in Frameworks */ = {isa = PBXBuildFile; fileRef = 554C446891EB5BE97D95A810 /* Pods_PCK_Sggtion.framework */; };
/* End PBXBuildFile section */

/* Begin PBXFileReference section */
		0A82FC13FF1AB61957005C17 /* Pods-PCK Sggtion.debug.xcconfig */ = {isa = PBXFileReference; includeInIndex = 1; lastKnownFileType = text.xcconfig; name = "Pods-PCK Sggtion.debug.xcconfig"; path = "Pods/Target Support Files/Pods-PCK Sggtion/Pods-PCK Sggtion.debug.xcconfig"; sourceTree = "<group>"; };
		255FCDFF210BE0C500AF7350 /* plus.png */ = {isa = PBXFileReference; lastKnownFileType = image.png; name = plus.png; path = ../../plus.png; sourceTree = "<group>"; };
		2594FC99210BC8900090BB1F /* PCK Sggtion.app */ = {isa = PBXFileReference; explicitFileType = wrapper.application; includeInIndex = 0; path = "PCK Sggtion.app"; sourceTree = BUILT_PRODUCTS_DIR; };
		2594FC9C210BC8900090BB1F /* AppDelegate.swift */ = {isa = PBXFileReference; lastKnownFileType = sourcecode.swift; path = AppDelegate.swift; sourceTree = "<group>"; };
		2594FC9E210BC8900090BB1F /* ViewController.swift */ = {isa = PBXFileReference; lastKnownFileType = sourcecode.swift; path = ViewController.swift; sourceTree = "<group>"; };
		2594FCA1210BC8900090BB1F /* Base */ = {isa = PBXFileReference; lastKnownFileType = file.storyboard; name = Base; path = Base.lproj/Main.storyboard; sourceTree = "<group>"; };
		2594FCA4210BC8900090BB1F /* PCK_Sggtion.xcdatamodel */ = {isa = PBXFileReference; lastKnownFileType = wrapper.xcdatamodel; path = PCK_Sggtion.xcdatamodel; sourceTree = "<group>"; };
		2594FCA6210BC8910090BB1F /* Assets.xcassets */ = {isa = PBXFileReference; lastKnownFileType = folder.assetcatalog; path = Assets.xcassets; sourceTree = "<group>"; };
		2594FCA9210BC8910090BB1F /* Base */ = {isa = PBXFileReference; lastKnownFileType = file.storyboard; name = Base; path = Base.lproj/LaunchScreen.storyboard; sourceTree = "<group>"; };
		2594FCAB210BC8910090BB1F /* Info.plist */ = {isa = PBXFileReference; lastKnownFileType = text.plist.xml; path = Info.plist; sourceTree = "<group>"; };
		2594FCB1210BCA0D0090BB1F /* SecondViewViewController.swift */ = {isa = PBXFileReference; lastKnownFileType = sourcecode.swift; path = SecondViewViewController.swift; sourceTree = "<group>"; };
		25B5605C21166FE3008A6F23 /* CoreDataHelper.swift */ = {isa = PBXFileReference; lastKnownFileType = sourcecode.swift; path = CoreDataHelper.swift; sourceTree = "<group>"; };
		25B5605E21166FFF008A6F23 /* gender.swift */ = {isa = PBXFileReference; lastKnownFileType = sourcecode.swift; path = gender.swift; sourceTree = "<group>"; };
		25B5606121167086008A6F23 /* ClothingModelLogic.swift */ = {isa = PBXFileReference; lastKnownFileType = sourcecode.swift; path = ClothingModelLogic.swift; sourceTree = "<group>"; };
		25B560662116712D008A6F23 /* DateCell.xib */ = {isa = PBXFileReference; lastKnownFileType = file.xib; path = DateCell.xib; sourceTree = "<group>"; };
		25B5606721167159008A6F23 /* ClothesTableViewCell.swift */ = {isa = PBXFileReference; lastKnownFileType = sourcecode.swift; path = ClothesTableViewCell.swift; sourceTree = "<group>"; };
		25EA617621138BFE000D9108 /* WeatherViewTableViewController.swift */ = {isa = PBXFileReference; lastKnownFileType = sourcecode.swift; path = WeatherViewTableViewController.swift; sourceTree = "<group>"; };
		25EA617A2113B891000D9108 /* Weather.swift */ = {isa = PBXFileReference; lastKnownFileType = sourcecode.swift; path = Weather.swift; sourceTree = "<group>"; };
		25F042A12116487900A8C4A5 /* ThirdViewController.swift */ = {isa = PBXFileReference; lastKnownFileType = sourcecode.swift; path = ThirdViewController.swift; sourceTree = "<group>"; };
		25FEF7AB210D374A00050699 /* CalendarViewController.swift */ = {isa = PBXFileReference; lastKnownFileType = sourcecode.swift; path = CalendarViewController.swift; sourceTree = "<group>"; };
		25FEF7AF210D56AC00050699 /* DataCell.swift */ = {isa = PBXFileReference; lastKnownFileType = sourcecode.swift; path = DataCell.swift; sourceTree = "<group>"; };
		25FEF7B1210D571800050699 /* DateCell.xib */ = {isa = PBXFileReference; fileEncoding = 4; lastKnownFileType = file.xib; name = DateCell.xib; path = "../../Make school Projects/calendar-app-iOS-using-storyboard-master/Custom_Calender/DateCell.xib"; sourceTree = "<group>"; };
		554C446891EB5BE97D95A810 /* Pods_PCK_Sggtion.framework */ = {isa = PBXFileReference; explicitFileType = wrapper.framework; includeInIndex = 0; path = Pods_PCK_Sggtion.framework; sourceTree = BUILT_PRODUCTS_DIR; };
		77F5CDEE6941C4084048C16B /* Pods-PCK Sggtion.release.xcconfig */ = {isa = PBXFileReference; includeInIndex = 1; lastKnownFileType = text.xcconfig; name = "Pods-PCK Sggtion.release.xcconfig"; path = "Pods/Target Support Files/Pods-PCK Sggtion/Pods-PCK Sggtion.release.xcconfig"; sourceTree = "<group>"; };
/* End PBXFileReference section */

/* Begin PBXFrameworksBuildPhase section */
		2594FC96210BC8900090BB1F /* Frameworks */ = {
			isa = PBXFrameworksBuildPhase;
			buildActionMask = 2147483647;
			files = (
				543375EB515612770C9FC369 /* Pods_PCK_Sggtion.framework in Frameworks */,
			);
			runOnlyForDeploymentPostprocessing = 0;
		};
/* End PBXFrameworksBuildPhase section */

/* Begin PBXGroup section */
		2594FC90210BC8900090BB1F = {
			isa = PBXGroup;
			children = (
				2594FC9B210BC8900090BB1F /* PCK Sggtion */,
				2594FC9A210BC8900090BB1F /* Products */,
				2D169F56A045C849F465DCC8 /* Pods */,
				D75330156E80F3715D770784 /* Frameworks */,
			);
			sourceTree = "<group>";
		};
		2594FC9A210BC8900090BB1F /* Products */ = {
			isa = PBXGroup;
			children = (
				2594FC99210BC8900090BB1F /* PCK Sggtion.app */,
			);
			name = Products;
			sourceTree = "<group>";
		};
		2594FC9B210BC8900090BB1F /* PCK Sggtion */ = {
			isa = PBXGroup;
			children = (
				25F042A42116612000A8C4A5 /* Controllers */,
				25B5605721166E52008A6F23 /* Services */,
				25B5605A21166EE5008A6F23 /* Helper */,
				25B5606021167045008A6F23 /* Model */,
				25B5605B21166F03008A6F23 /* View */,
				25B5606521167101008A6F23 /* UsefulCells */,
				2594FC9C210BC8900090BB1F /* AppDelegate.swift */,
				2594FCA6210BC8910090BB1F /* Assets.xcassets */,
				255FCDFF210BE0C500AF7350 /* plus.png */,
				2594FCAB210BC8910090BB1F /* Info.plist */,
				2594FCA3210BC8900090BB1F /* PCK_Sggtion.xcdatamodeld */,
				25FEF7B1210D571800050699 /* DateCell.xib */,
			);
			path = "PCK Sggtion";
			sourceTree = "<group>";
		};
		25B5605721166E52008A6F23 /* Services */ = {
			isa = PBXGroup;
			children = (
				25EA617A2113B891000D9108 /* Weather.swift */,
			);
			path = Services;
			sourceTree = "<group>";
		};
		25B5605A21166EE5008A6F23 /* Helper */ = {
			isa = PBXGroup;
			children = (
				25B5605C21166FE3008A6F23 /* CoreDataHelper.swift */,
				25B5605E21166FFF008A6F23 /* gender.swift */,
			);
			path = Helper;
			sourceTree = "<group>";
		};
		25B5605B21166F03008A6F23 /* View */ = {
			isa = PBXGroup;
			children = (
				2594FCA0210BC8900090BB1F /* Main.storyboard */,
				2594FCA8210BC8910090BB1F /* LaunchScreen.storyboard */,
			);
			path = View;
			sourceTree = "<group>";
		};
		25B5606021167045008A6F23 /* Model */ = {
			isa = PBXGroup;
			children = (
				25B5606121167086008A6F23 /* ClothingModelLogic.swift */,
			);
			path = Model;
			sourceTree = "<group>";
		};
		25B5606521167101008A6F23 /* UsefulCells */ = {
			isa = PBXGroup;
			children = (
				25FEF7AF210D56AC00050699 /* DataCell.swift */,
				25B560662116712D008A6F23 /* DateCell.xib */,
				25B5606721167159008A6F23 /* ClothesTableViewCell.swift */,
			);
			path = UsefulCells;
			sourceTree = "<group>";
		};
		25F042A42116612000A8C4A5 /* Controllers */ = {
			isa = PBXGroup;
			children = (
				2594FC9E210BC8900090BB1F /* ViewController.swift */,
				2594FCB1210BCA0D0090BB1F /* SecondViewViewController.swift */,
				25FEF7AB210D374A00050699 /* CalendarViewController.swift */,
				25F042A12116487900A8C4A5 /* ThirdViewController.swift */,
				25EA617621138BFE000D9108 /* WeatherViewTableViewController.swift */,
			);
			path = Controllers;
			sourceTree = "<group>";
		};
		2D169F56A045C849F465DCC8 /* Pods */ = {
			isa = PBXGroup;
			children = (
				0A82FC13FF1AB61957005C17 /* Pods-PCK Sggtion.debug.xcconfig */,
				77F5CDEE6941C4084048C16B /* Pods-PCK Sggtion.release.xcconfig */,
			);
			name = Pods;
			sourceTree = "<group>";
		};
		D75330156E80F3715D770784 /* Frameworks */ = {
			isa = PBXGroup;
			children = (
				554C446891EB5BE97D95A810 /* Pods_PCK_Sggtion.framework */,
			);
			name = Frameworks;
			sourceTree = "<group>";
		};
/* End PBXGroup section */

/* Begin PBXNativeTarget section */
		2594FC98210BC8900090BB1F /* PCK Sggtion */ = {
			isa = PBXNativeTarget;
			buildConfigurationList = 2594FCAE210BC8910090BB1F /* Build configuration list for PBXNativeTarget "PCK Sggtion" */;
			buildPhases = (
				A28B7A17E80A48AEED93FCBB /* [CP] Check Pods Manifest.lock */,
				2594FC95210BC8900090BB1F /* Sources */,
				2594FC96210BC8900090BB1F /* Frameworks */,
				2594FC97210BC8900090BB1F /* Resources */,
				0B9DA8268315336FA46E51E8 /* [CP] Embed Pods Frameworks */,
				BFE90313C00B67A1E35DF6BD /* [CP] Copy Pods Resources */,
			);
			buildRules = (
			);
			dependencies = (
			);
			name = "PCK Sggtion";
			productName = "PCK Sggtion";
			productReference = 2594FC99210BC8900090BB1F /* PCK Sggtion.app */;
			productType = "com.apple.product-type.application";
		};
/* End PBXNativeTarget section */

/* Begin PBXProject section */
		2594FC91210BC8900090BB1F /* Project object */ = {
			isa = PBXProject;
			attributes = {
				LastSwiftUpdateCheck = 0940;
				LastUpgradeCheck = 0940;
				ORGANIZATIONNAME = "Akhtar zaman";
				TargetAttributes = {
					2594FC98210BC8900090BB1F = {
						CreatedOnToolsVersion = 9.4.1;
					};
				};
			};
			buildConfigurationList = 2594FC94210BC8900090BB1F /* Build configuration list for PBXProject "PCK Sggtion" */;
			compatibilityVersion = "Xcode 9.3";
			developmentRegion = en;
			hasScannedForEncodings = 0;
			knownRegions = (
				en,
				Base,
			);
			mainGroup = 2594FC90210BC8900090BB1F;
			productRefGroup = 2594FC9A210BC8900090BB1F /* Products */;
			projectDirPath = "";
			projectRoot = "";
			targets = (
				2594FC98210BC8900090BB1F /* PCK Sggtion */,
			);
		};
/* End PBXProject section */

/* Begin PBXResourcesBuildPhase section */
		2594FC97210BC8900090BB1F /* Resources */ = {
			isa = PBXResourcesBuildPhase;
			buildActionMask = 2147483647;
			files = (
				2594FCAA210BC8910090BB1F /* LaunchScreen.storyboard in Resources */,
				2594FCA7210BC8910090BB1F /* Assets.xcassets in Resources */,
				2594FCA2210BC8900090BB1F /* Main.storyboard in Resources */,
				255FCE00210BE0C500AF7350 /* plus.png in Resources */,
				25FEF7B2210D571800050699 /* DateCell.xib in Resources */,
			);
			runOnlyForDeploymentPostprocessing = 0;
		};
/* End PBXResourcesBuildPhase section */

/* Begin PBXShellScriptBuildPhase section */
		0B9DA8268315336FA46E51E8 /* [CP] Embed Pods Frameworks */ = {
			isa = PBXShellScriptBuildPhase;
			buildActionMask = 2147483647;
			files = (
			);
			inputPaths = (
				"${SRCROOT}/Pods/Target Support Files/Pods-PCK Sggtion/Pods-PCK Sggtion-frameworks.sh",
				"${BUILT_PRODUCTS_DIR}/Alamofire/Alamofire.framework",
				"${BUILT_PRODUCTS_DIR}/CVCalendar/CVCalendar.framework",
				"${BUILT_PRODUCTS_DIR}/SwiftyJSON/SwiftyJSON.framework",
			);
			name = "[CP] Embed Pods Frameworks";
			outputPaths = (
				"${TARGET_BUILD_DIR}/${FRAMEWORKS_FOLDER_PATH}/Alamofire.framework",
				"${TARGET_BUILD_DIR}/${FRAMEWORKS_FOLDER_PATH}/CVCalendar.framework",
				"${TARGET_BUILD_DIR}/${FRAMEWORKS_FOLDER_PATH}/SwiftyJSON.framework",
			);
			runOnlyForDeploymentPostprocessing = 0;
			shellPath = /bin/sh;
			shellScript = "\"${SRCROOT}/Pods/Target Support Files/Pods-PCK Sggtion/Pods-PCK Sggtion-frameworks.sh\"\n";
			showEnvVarsInLog = 0;
		};
		A28B7A17E80A48AEED93FCBB /* [CP] Check Pods Manifest.lock */ = {
			isa = PBXShellScriptBuildPhase;
			buildActionMask = 2147483647;
			files = (
			);
			inputPaths = (
				"${PODS_PODFILE_DIR_PATH}/Podfile.lock",
				"${PODS_ROOT}/Manifest.lock",
			);
			name = "[CP] Check Pods Manifest.lock";
			outputPaths = (
				"$(DERIVED_FILE_DIR)/Pods-PCK Sggtion-checkManifestLockResult.txt",
			);
			runOnlyForDeploymentPostprocessing = 0;
			shellPath = /bin/sh;
			shellScript = "diff \"${PODS_PODFILE_DIR_PATH}/Podfile.lock\" \"${PODS_ROOT}/Manifest.lock\" > /dev/null\nif [ $? != 0 ] ; then\n    # print error to STDERR\n    echo \"error: The sandbox is not in sync with the Podfile.lock. Run 'pod install' or update your CocoaPods installation.\" >&2\n    exit 1\nfi\n# This output is used by Xcode 'outputs' to avoid re-running this script phase.\necho \"SUCCESS\" > \"${SCRIPT_OUTPUT_FILE_0}\"\n";
			showEnvVarsInLog = 0;
		};
		BFE90313C00B67A1E35DF6BD /* [CP] Copy Pods Resources */ = {
			isa = PBXShellScriptBuildPhase;
			buildActionMask = 2147483647;
			files = (
			);
			inputPaths = (
				"${SRCROOT}/Pods/Target Support Files/Pods-PCK Sggtion/Pods-PCK Sggtion-resources.sh",
				"${PODS_ROOT}/GoogleMaps/Maps/Frameworks/GoogleMaps.framework/Resources/GoogleMaps.bundle",
				"${PODS_ROOT}/GooglePlacePicker/Frameworks/GooglePlacePicker.framework/Resources/GooglePlacePicker.bundle",
				"${PODS_ROOT}/GooglePlaces/Frameworks/GooglePlaces.framework/Resources/GooglePlaces.bundle",
			);
			name = "[CP] Copy Pods Resources";
			outputPaths = (
				"${TARGET_BUILD_DIR}/${UNLOCALIZED_RESOURCES_FOLDER_PATH}/GoogleMaps.bundle",
				"${TARGET_BUILD_DIR}/${UNLOCALIZED_RESOURCES_FOLDER_PATH}/GooglePlacePicker.bundle",
				"${TARGET_BUILD_DIR}/${UNLOCALIZED_RESOURCES_FOLDER_PATH}/GooglePlaces.bundle",
			);
			runOnlyForDeploymentPostprocessing = 0;
			shellPath = /bin/sh;
			shellScript = "\"${SRCROOT}/Pods/Target Support Files/Pods-PCK Sggtion/Pods-PCK Sggtion-resources.sh\"\n";
			showEnvVarsInLog = 0;
		};
/* End PBXShellScriptBuildPhase section */

/* Begin PBXSourcesBuildPhase section */
		2594FC95210BC8900090BB1F /* Sources */ = {
			isa = PBXSourcesBuildPhase;
			buildActionMask = 2147483647;
			files = (
				25B5605D21166FE3008A6F23 /* CoreDataHelper.swift in Sources */,
				25EA617B2113B891000D9108 /* Weather.swift in Sources */,
				25B5606221167086008A6F23 /* ClothingModelLogic.swift in Sources */,
				25F042A22116487900A8C4A5 /* ThirdViewController.swift in Sources */,
				25FEF7AC210D374A00050699 /* CalendarViewController.swift in Sources */,
				25EA617721138BFE000D9108 /* WeatherViewTableViewController.swift in Sources */,
				25FEF7B0210D56AC00050699 /* DataCell.swift in Sources */,
				25B5605F21166FFF008A6F23 /* gender.swift in Sources */,
				25B5606821167159008A6F23 /* ClothesTableViewCell.swift in Sources */,
				2594FC9F210BC8900090BB1F /* ViewController.swift in Sources */,
				2594FC9D210BC8900090BB1F /* AppDelegate.swift in Sources */,
				2594FCA5210BC8900090BB1F /* PCK_Sggtion.xcdatamodeld in Sources */,
				2594FCB2210BCA0D0090BB1F /* SecondViewViewController.swift in Sources */,
			);
			runOnlyForDeploymentPostprocessing = 0;
		};
/* End PBXSourcesBuildPhase section */

/* Begin PBXVariantGroup section */
		2594FCA0210BC8900090BB1F /* Main.storyboard */ = {
			isa = PBXVariantGroup;
			children = (
				2594FCA1210BC8900090BB1F /* Base */,
			);
			name = Main.storyboard;
			sourceTree = "<group>";
		};
		2594FCA8210BC8910090BB1F /* LaunchScreen.storyboard */ = {
			isa = PBXVariantGroup;
			children = (
				2594FCA9210BC8910090BB1F /* Base */,
			);
			name = LaunchScreen.storyboard;
			sourceTree = "<group>";
		};
/* End PBXVariantGroup section */

/* Begin XCBuildConfiguration section */
		2594FCAC210BC8910090BB1F /* Debug */ = {
			isa = XCBuildConfiguration;
			buildSettings = {
				ALWAYS_SEARCH_USER_PATHS = NO;
				CLANG_ANALYZER_NONNULL = YES;
				CLANG_ANALYZER_NUMBER_OBJECT_CONVERSION = YES_AGGRESSIVE;
				CLANG_CXX_LANGUAGE_STANDARD = "gnu++14";
				CLANG_CXX_LIBRARY = "libc++";
				CLANG_ENABLE_MODULES = YES;
				CLANG_ENABLE_OBJC_ARC = YES;
				CLANG_ENABLE_OBJC_WEAK = YES;
				CLANG_WARN_BLOCK_CAPTURE_AUTORELEASING = YES;
				CLANG_WARN_BOOL_CONVERSION = YES;
				CLANG_WARN_COMMA = YES;
				CLANG_WARN_CONSTANT_CONVERSION = YES;
				CLANG_WARN_DEPRECATED_OBJC_IMPLEMENTATIONS = YES;
				CLANG_WARN_DIRECT_OBJC_ISA_USAGE = YES_ERROR;
				CLANG_WARN_DOCUMENTATION_COMMENTS = YES;
				CLANG_WARN_EMPTY_BODY = YES;
				CLANG_WARN_ENUM_CONVERSION = YES;
				CLANG_WARN_INFINITE_RECURSION = YES;
				CLANG_WARN_INT_CONVERSION = YES;
				CLANG_WARN_NON_LITERAL_NULL_CONVERSION = YES;
				CLANG_WARN_OBJC_IMPLICIT_RETAIN_SELF = YES;
				CLANG_WARN_OBJC_LITERAL_CONVERSION = YES;
				CLANG_WARN_OBJC_ROOT_CLASS = YES_ERROR;
				CLANG_WARN_RANGE_LOOP_ANALYSIS = YES;
				CLANG_WARN_STRICT_PROTOTYPES = YES;
				CLANG_WARN_SUSPICIOUS_MOVE = YES;
				CLANG_WARN_UNGUARDED_AVAILABILITY = YES_AGGRESSIVE;
				CLANG_WARN_UNREACHABLE_CODE = YES;
				CLANG_WARN__DUPLICATE_METHOD_MATCH = YES;
				CODE_SIGN_IDENTITY = "iPhone Developer";
				COPY_PHASE_STRIP = NO;
				DEBUG_INFORMATION_FORMAT = dwarf;
				ENABLE_STRICT_OBJC_MSGSEND = YES;
				ENABLE_TESTABILITY = YES;
				GCC_C_LANGUAGE_STANDARD = gnu11;
				GCC_DYNAMIC_NO_PIC = NO;
				GCC_NO_COMMON_BLOCKS = YES;
				GCC_OPTIMIZATION_LEVEL = 0;
				GCC_PREPROCESSOR_DEFINITIONS = (
					"DEBUG=1",
					"$(inherited)",
				);
				GCC_WARN_64_TO_32_BIT_CONVERSION = YES;
				GCC_WARN_ABOUT_RETURN_TYPE = YES_ERROR;
				GCC_WARN_UNDECLARED_SELECTOR = YES;
				GCC_WARN_UNINITIALIZED_AUTOS = YES_AGGRESSIVE;
				GCC_WARN_UNUSED_FUNCTION = YES;
				GCC_WARN_UNUSED_VARIABLE = YES;
				IPHONEOS_DEPLOYMENT_TARGET = 11.4;
				MTL_ENABLE_DEBUG_INFO = YES;
				ONLY_ACTIVE_ARCH = YES;
				SDKROOT = iphoneos;
				SWIFT_ACTIVE_COMPILATION_CONDITIONS = DEBUG;
				SWIFT_OPTIMIZATION_LEVEL = "-Onone";
			};
			name = Debug;
		};
		2594FCAD210BC8910090BB1F /* Release */ = {
			isa = XCBuildConfiguration;
			buildSettings = {
				ALWAYS_SEARCH_USER_PATHS = NO;
				CLANG_ANALYZER_NONNULL = YES;
				CLANG_ANALYZER_NUMBER_OBJECT_CONVERSION = YES_AGGRESSIVE;
				CLANG_CXX_LANGUAGE_STANDARD = "gnu++14";
				CLANG_CXX_LIBRARY = "libc++";
				CLANG_ENABLE_MODULES = YES;
				CLANG_ENABLE_OBJC_ARC = YES;
				CLANG_ENABLE_OBJC_WEAK = YES;
				CLANG_WARN_BLOCK_CAPTURE_AUTORELEASING = YES;
				CLANG_WARN_BOOL_CONVERSION = YES;
				CLANG_WARN_COMMA = YES;
				CLANG_WARN_CONSTANT_CONVERSION = YES;
				CLANG_WARN_DEPRECATED_OBJC_IMPLEMENTATIONS = YES;
				CLANG_WARN_DIRECT_OBJC_ISA_USAGE = YES_ERROR;
				CLANG_WARN_DOCUMENTATION_COMMENTS = YES;
				CLANG_WARN_EMPTY_BODY = YES;
				CLANG_WARN_ENUM_CONVERSION = YES;
				CLANG_WARN_INFINITE_RECURSION = YES;
				CLANG_WARN_INT_CONVERSION = YES;
				CLANG_WARN_NON_LITERAL_NULL_CONVERSION = YES;
				CLANG_WARN_OBJC_IMPLICIT_RETAIN_SELF = YES;
				CLANG_WARN_OBJC_LITERAL_CONVERSION = YES;
				CLANG_WARN_OBJC_ROOT_CLASS = YES_ERROR;
				CLANG_WARN_RANGE_LOOP_ANALYSIS = YES;
				CLANG_WARN_STRICT_PROTOTYPES = YES;
				CLANG_WARN_SUSPICIOUS_MOVE = YES;
				CLANG_WARN_UNGUARDED_AVAILABILITY = YES_AGGRESSIVE;
				CLANG_WARN_UNREACHABLE_CODE = YES;
				CLANG_WARN__DUPLICATE_METHOD_MATCH = YES;
				CODE_SIGN_IDENTITY = "iPhone Developer";
				COPY_PHASE_STRIP = NO;
				DEBUG_INFORMATION_FORMAT = "dwarf-with-dsym";
				ENABLE_NS_ASSERTIONS = NO;
				ENABLE_STRICT_OBJC_MSGSEND = YES;
				GCC_C_LANGUAGE_STANDARD = gnu11;
				GCC_NO_COMMON_BLOCKS = YES;
				GCC_WARN_64_TO_32_BIT_CONVERSION = YES;
				GCC_WARN_ABOUT_RETURN_TYPE = YES_ERROR;
				GCC_WARN_UNDECLARED_SELECTOR = YES;
				GCC_WARN_UNINITIALIZED_AUTOS = YES_AGGRESSIVE;
				GCC_WARN_UNUSED_FUNCTION = YES;
				GCC_WARN_UNUSED_VARIABLE = YES;
				IPHONEOS_DEPLOYMENT_TARGET = 11.4;
				MTL_ENABLE_DEBUG_INFO = NO;
				SDKROOT = iphoneos;
				SWIFT_COMPILATION_MODE = wholemodule;
				SWIFT_OPTIMIZATION_LEVEL = "-O";
				VALIDATE_PRODUCT = YES;
			};
			name = Release;
		};
		2594FCAF210BC8910090BB1F /* Debug */ = {
			isa = XCBuildConfiguration;
			baseConfigurationReference = 0A82FC13FF1AB61957005C17 /* Pods-PCK Sggtion.debug.xcconfig */;
			buildSettings = {
				ASSETCATALOG_COMPILER_APPICON_NAME = AppIcon;
				CODE_SIGN_STYLE = Automatic;
				DEVELOPMENT_TEAM = 2LR59CJ22P;
				INFOPLIST_FILE = "PCK Sggtion/Info.plist";
				LD_RUNPATH_SEARCH_PATHS = (
					"$(inherited)",
					"@executable_path/Frameworks",
				);
				PRODUCT_BUNDLE_IDENTIFIER = "com.akhtarzaman.PCK-Sggtion";
				PRODUCT_NAME = "$(TARGET_NAME)";
				SWIFT_VERSION = 4.0;
				TARGETED_DEVICE_FAMILY = "1,2";
			};
			name = Debug;
		};
		2594FCB0210BC8910090BB1F /* Release */ = {
			isa = XCBuildConfiguration;
			baseConfigurationReference = 77F5CDEE6941C4084048C16B /* Pods-PCK Sggtion.release.xcconfig */;
			buildSettings = {
				ASSETCATALOG_COMPILER_APPICON_NAME = AppIcon;
				CODE_SIGN_STYLE = Automatic;
				DEVELOPMENT_TEAM = 2LR59CJ22P;
				INFOPLIST_FILE = "PCK Sggtion/Info.plist";
				LD_RUNPATH_SEARCH_PATHS = (
					"$(inherited)",
					"@executable_path/Frameworks",
				);
				PRODUCT_BUNDLE_IDENTIFIER = "com.akhtarzaman.PCK-Sggtion";
				PRODUCT_NAME = "$(TARGET_NAME)";
				SWIFT_VERSION = 4.0;
				TARGETED_DEVICE_FAMILY = "1,2";
			};
			name = Release;
		};
/* End XCBuildConfiguration section */

/* Begin XCConfigurationList section */
		2594FC94210BC8900090BB1F /* Build configuration list for PBXProject "PCK Sggtion" */ = {
			isa = XCConfigurationList;
			buildConfigurations = (
				2594FCAC210BC8910090BB1F /* Debug */,
				2594FCAD210BC8910090BB1F /* Release */,
			);
			defaultConfigurationIsVisible = 0;
			defaultConfigurationName = Release;
		};
		2594FCAE210BC8910090BB1F /* Build configuration list for PBXNativeTarget "PCK Sggtion" */ = {
			isa = XCConfigurationList;
			buildConfigurations = (
				2594FCAF210BC8910090BB1F /* Debug */,
				2594FCB0210BC8910090BB1F /* Release */,
			);
			defaultConfigurationIsVisible = 0;
			defaultConfigurationName = Release;
		};
/* End XCConfigurationList section */

/* Begin XCVersionGroup section */
		2594FCA3210BC8900090BB1F /* PCK_Sggtion.xcdatamodeld */ = {
			isa = XCVersionGroup;
			children = (
				2594FCA4210BC8900090BB1F /* PCK_Sggtion.xcdatamodel */,
			);
			currentVersion = 2594FCA4210BC8900090BB1F /* PCK_Sggtion.xcdatamodel */;
			path = PCK_Sggtion.xcdatamodeld;
			sourceTree = "<group>";
			versionGroupType = wrapper.xcdatamodel;
		};
/* End XCVersionGroup section */
	};
	rootObject = 2594FC91210BC8900090BB1F /* Project object */;
}
